
Microsoft Visual Studio Solution File, Format Version 12.00
# Visual Studio Version 16
VisualStudioVersion = 16.0.33328.57
MinimumVisualStudioVersion = 10.0.40219.1
Project("{FAE04EC0-301F-11D3-BF4B-00C04F79EFBC}") = "MyCompany.Logging.NLogProvider", "MyCompany.Logging.NLogProvider\MyCompany.Logging.NLogProvider.csproj", "{13014B38-83BE-44FB-BCBB-650BD31D3375}"
EndProject
Project("{FAE04EC0-301F-11D3-BF4B-00C04F79EFBC}") = "MyCompany.Logging.Tests", "MyCompany.Logging.Tests\MyCompany.Logging.Tests.csproj", "{61F869FF-C378-42DE-B411-0F1CDF2F2E04}"
EndProject
Project("{FAE04EC0-301F-11D3-BF4B-00C04F79EFBC}") = "WindowsFormsApp1", "WindowsFormsApp1\WindowsFormsApp1.csproj", "{624C7BAB-B5A3-450C-9073-B7DF3C8CF9AB}"
EndProject
Project("{2150E333-8FDC-42A3-9474-1A3956D46DE8}") = "docs", "docs", "{A334F397-CE0E-47ED-8238-28D11F39FC10}"
EndProject
Project("{2150E333-8FDC-42A3-9474-1A3956D46DE8}") = "Deployment", "Deployment", "{30C8E2B8-CEB8-45B5-8A51-79B1F9CF5B9E}"
	ProjectSection(SolutionItems) = preProject
		Docs\RegSvr32Wix.md = Docs\RegSvr32Wix.md
		Docs\ScheduledTask.wxs = Docs\ScheduledTask.wxs
	EndProjectSection
EndProject
Project("{2150E333-8FDC-42A3-9474-1A3956D46DE8}") = "Documentation", "Documentation", "{8608090D-3E5E-46FF-8B89-0A06F0F0388D}"
	ProjectSection(SolutionItems) = preProject
		docs\Solution Setup.md = docs\Solution Setup.md
		Docs\wiki.md = Docs\wiki.md
	EndProjectSection
EndProject
Project("{2150E333-8FDC-42A3-9474-1A3956D46DE8}") = "Maintenance", "Maintenance", "{3D7F9981-9B16-4A5A-BCB1-7810926E346C}"
	ProjectSection(SolutionItems) = preProject
		Docs\Cleanup-AppLogs.ps1 = Docs\Cleanup-AppLogs.ps1
		Docs\filebeat.yml = Docs\filebeat.yml
	EndProjectSection
EndProject
Project("{FAE04EC0-301F-11D3-BF4B-00C04F79EFBC}") = "MyCompany.Logging.Benchmarks", "MyCompany.Logging.Benchmarks\MyCompany.Logging.Benchmarks.csproj", "{AAA1E50F-1491-4B3B-8BFE-2EE4396CC537}"
EndProject
Project("{FAE04EC0-301F-11D3-BF4B-00C04F79EFBC}") = "MyCompany.Logging", "MyCompany.Logging\MyCompany.Logging.csproj", "{8DCE40FF-EFED-4CDD-ADCF-32A89CC5C0CC}"
EndProject
Project("{2150E333-8FDC-42A3-9474-1A3956D46DE8}") = "VB6", "VB6", "{8572B4AE-0B7A-4B85-BA33-EFAB28DA738B}"
	ProjectSection(SolutionItems) = preProject
		docs\modLogger.bas = docs\modLogger.bas
		docs\myVB6App.config = docs\myVB6App.config
	EndProjectSection
EndProject
Global
	GlobalSection(SolutionConfigurationPlatforms) = preSolution
		Debug|Any CPU = Debug|Any CPU
		Debug|x86 = Debug|x86
		Release|Any CPU = Release|Any CPU
		Release|x86 = Release|x86
	EndGlobalSection
	GlobalSection(ProjectConfigurationPlatforms) = postSolution
		{13014B38-83BE-44FB-BCBB-650BD31D3375}.Debug|Any CPU.ActiveCfg = Debug|Any CPU
		{13014B38-83BE-44FB-BCBB-650BD31D3375}.Debug|Any CPU.Build.0 = Debug|Any CPU
		{13014B38-83BE-44FB-BCBB-650BD31D3375}.Debug|x86.ActiveCfg = Debug|x86
		{13014B38-83BE-44FB-BCBB-650BD31D3375}.Debug|x86.Build.0 = Debug|x86
		{13014B38-83BE-44FB-BCBB-650BD31D3375}.Release|Any CPU.ActiveCfg = Release|Any CPU
		{13014B38-83BE-44FB-BCBB-650BD31D3375}.Release|Any CPU.Build.0 = Release|Any CPU
		{13014B38-83BE-44FB-BCBB-650BD31D3375}.Release|x86.ActiveCfg = Release|x86
		{13014B38-83BE-44FB-BCBB-650BD31D3375}.Release|x86.Build.0 = Release|x86
		{61F869FF-C378-42DE-B411-0F1CDF2F2E04}.Debug|Any CPU.ActiveCfg = Debug|Any CPU
		{61F869FF-C378-42DE-B411-0F1CDF2F2E04}.Debug|Any CPU.Build.0 = Debug|Any CPU
		{61F869FF-C378-42DE-B411-0F1CDF2F2E04}.Debug|x86.ActiveCfg = Debug|x86
		{61F869FF-C378-42DE-B411-0F1CDF2F2E04}.Debug|x86.Build.0 = Debug|x86
		{61F869FF-C378-42DE-B411-0F1CDF2F2E04}.Release|Any CPU.ActiveCfg = Release|Any CPU
		{61F869FF-C378-42DE-B411-0F1CDF2F2E04}.Release|Any CPU.Build.0 = Release|Any CPU
		{61F869FF-C378-42DE-B411-0F1CDF2F2E04}.Release|x86.ActiveCfg = Release|x86
		{61F869FF-C378-42DE-B411-0F1CDF2F2E04}.Release|x86.Build.0 = Release|x86
		{624C7BAB-B5A3-450C-9073-B7DF3C8CF9AB}.Debug|Any CPU.ActiveCfg = Debug|Any CPU
		{624C7BAB-B5A3-450C-9073-B7DF3C8CF9AB}.Debug|Any CPU.Build.0 = Debug|Any CPU
		{624C7BAB-B5A3-450C-9073-B7DF3C8CF9AB}.Debug|x86.ActiveCfg = Debug|x86
		{624C7BAB-B5A3-450C-9073-B7DF3C8CF9AB}.Debug|x86.Build.0 = Debug|x86
		{624C7BAB-B5A3-450C-9073-B7DF3C8CF9AB}.Release|Any CPU.ActiveCfg = Release|Any CPU
		{624C7BAB-B5A3-450C-9073-B7DF3C8CF9AB}.Release|Any CPU.Build.0 = Release|Any CPU
		{624C7BAB-B5A3-450C-9073-B7DF3C8CF9AB}.Release|x86.ActiveCfg = Release|x86
		{624C7BAB-B5A3-450C-9073-B7DF3C8CF9AB}.Release|x86.Build.0 = Release|x86
		{AAA1E50F-1491-4B3B-8BFE-2EE4396CC537}.Debug|Any CPU.ActiveCfg = Debug|Any CPU
		{AAA1E50F-1491-4B3B-8BFE-2EE4396CC537}.Debug|Any CPU.Build.0 = Debug|Any CPU
		{AAA1E50F-1491-4B3B-8BFE-2EE4396CC537}.Debug|x86.ActiveCfg = Debug|Any CPU
		{AAA1E50F-1491-4B3B-8BFE-2EE4396CC537}.Debug|x86.Build.0 = Debug|Any CPU
		{AAA1E50F-1491-4B3B-8BFE-2EE4396CC537}.Release|Any CPU.ActiveCfg = Release|Any CPU
		{AAA1E50F-1491-4B3B-8BFE-2EE4396CC537}.Release|Any CPU.Build.0 = Release|Any CPU
		{AAA1E50F-1491-4B3B-8BFE-2EE4396CC537}.Release|x86.ActiveCfg = Release|Any CPU
		{AAA1E50F-1491-4B3B-8BFE-2EE4396CC537}.Release|x86.Build.0 = Release|Any CPU
		{8DCE40FF-EFED-4CDD-ADCF-32A89CC5C0CC}.Debug|Any CPU.ActiveCfg = Debug|Any CPU
		{8DCE40FF-EFED-4CDD-ADCF-32A89CC5C0CC}.Debug|Any CPU.Build.0 = Debug|Any CPU
		{8DCE40FF-EFED-4CDD-ADCF-32A89CC5C0CC}.Debug|x86.ActiveCfg = Debug|x86
		{8DCE40FF-EFED-4CDD-ADCF-32A89CC5C0CC}.Debug|x86.Build.0 = Debug|x86
		{8DCE40FF-EFED-4CDD-ADCF-32A89CC5C0CC}.Release|Any CPU.ActiveCfg = Release|Any CPU
		{8DCE40FF-EFED-4CDD-ADCF-32A89CC5C0CC}.Release|Any CPU.Build.0 = Release|Any CPU
		{8DCE40FF-EFED-4CDD-ADCF-32A89CC5C0CC}.Release|x86.ActiveCfg = Release|x86
		{8DCE40FF-EFED-4CDD-ADCF-32A89CC5C0CC}.Release|x86.Build.0 = Release|x86
	EndGlobalSection
	GlobalSection(SolutionProperties) = preSolution
		HideSolutionNode = FALSE
	EndGlobalSection
	GlobalSection(NestedProjects) = preSolution
		{30C8E2B8-CEB8-45B5-8A51-79B1F9CF5B9E} = {A334F397-CE0E-47ED-8238-28D11F39FC10}
		{8608090D-3E5E-46FF-8B89-0A06F0F0388D} = {A334F397-CE0E-47ED-8238-28D11F39FC10}
		{3D7F9981-9B16-4A5A-BCB1-7810926E346C} = {A334F397-CE0E-47ED-8238-28D11F39FC10}
		{8572B4AE-0B7A-4B85-BA33-EFAB28DA738B} = {A334F397-CE0E-47ED-8238-28D11F39FC10}
	EndGlobalSection
	GlobalSection(ExtensibilityGlobals) = postSolution
		SolutionGuid = {CEFECA41-E576-4860-8036-4A4A5A26BA64}
	EndGlobalSection
EndGlobal
